// !$*UTF8*$!
{
	archiveVersion = 1;
	classes = {
	};
	objectVersion = 50;
	objects = {

/* Begin PBXBuildFile section */
		66357C80250A239D00AC9B5F /* AppDelegate.swift in Sources */ = {isa = PBXBuildFile; fileRef = 66357C7F250A239D00AC9B5F /* AppDelegate.swift */; };
		66357C82250A239D00AC9B5F /* ViewController.swift in Sources */ = {isa = PBXBuildFile; fileRef = 66357C81250A239D00AC9B5F /* ViewController.swift */; };
		66357C84250A239F00AC9B5F /* Assets.xcassets in Resources */ = {isa = PBXBuildFile; fileRef = 66357C83250A239F00AC9B5F /* Assets.xcassets */; };
		66357C87250A239F00AC9B5F /* Main.storyboard in Resources */ = {isa = PBXBuildFile; fileRef = 66357C85250A239F00AC9B5F /* Main.storyboard */; };
		66357C93250A239F00AC9B5F /* HelloCircleCIUITests.swift in Sources */ = {isa = PBXBuildFile; fileRef = 66357C92250A239F00AC9B5F /* HelloCircleCIUITests.swift */; };
/* End PBXBuildFile section */

/* Begin PBXContainerItemProxy section */
		66357C8F250A239F00AC9B5F /* PBXContainerItemProxy */ = {
			isa = PBXContainerItemProxy;
			containerPortal = 66357C74250A239D00AC9B5F /* Project object */;
			proxyType = 1;
			remoteGlobalIDString = 66357C7B250A239D00AC9B5F;
			remoteInfo = HelloCircleCI;
		};
/* End PBXContainerItemProxy section */

/* Begin PBXFileReference section */
		66357C7C250A239D00AC9B5F /* HelloCircleCI.app */ = {isa = PBXFileReference; explicitFileType = wrapper.application; includeInIndex = 0; path = HelloCircleCI.app; sourceTree = BUILT_PRODUCTS_DIR; };
		66357C7F250A239D00AC9B5F /* AppDelegate.swift */ = {isa = PBXFileReference; lastKnownFileType = sourcecode.swift; path = AppDelegate.swift; sourceTree = "<group>"; };
		66357C81250A239D00AC9B5F /* ViewController.swift */ = {isa = PBXFileReference; lastKnownFileType = sourcecode.swift; path = ViewController.swift; sourceTree = "<group>"; };
		66357C83250A239F00AC9B5F /* Assets.xcassets */ = {isa = PBXFileReference; lastKnownFileType = folder.assetcatalog; path = Assets.xcassets; sourceTree = "<group>"; };
		66357C86250A239F00AC9B5F /* Base */ = {isa = PBXFileReference; lastKnownFileType = file.storyboard; name = Base; path = Base.lproj/Main.storyboard; sourceTree = "<group>"; };
		66357C88250A239F00AC9B5F /* Info.plist */ = {isa = PBXFileReference; lastKnownFileType = text.plist.xml; path = Info.plist; sourceTree = "<group>"; };
		66357C89250A239F00AC9B5F /* HelloCircleCI.entitlements */ = {isa = PBXFileReference; lastKnownFileType = text.plist.entitlements; path = HelloCircleCI.entitlements; sourceTree = "<group>"; };
		66357C8E250A239F00AC9B5F /* HelloCircleCIUITests.xctest */ = {isa = PBXFileReference; explicitFileType = wrapper.cfbundle; includeInIndex = 0; path = HelloCircleCIUITests.xctest; sourceTree = BUILT_PRODUCTS_DIR; };
		66357C92250A239F00AC9B5F /* HelloCircleCIUITests.swift */ = {isa = PBXFileReference; lastKnownFileType = sourcecode.swift; path = HelloCircleCIUITests.swift; sourceTree = "<group>"; };
		66357C94250A239F00AC9B5F /* Info.plist */ = {isa = PBXFileReference; lastKnownFileType = text.plist.xml; path = Info.plist; sourceTree = "<group>"; };
/* End PBXFileReference section */

/* Begin PBXFrameworksBuildPhase section */
		66357C79250A239D00AC9B5F /* Frameworks */ = {
			isa = PBXFrameworksBuildPhase;
			buildActionMask = 2147483647;
			files = (
			);
			runOnlyForDeploymentPostprocessing = 0;
		};
		66357C8B250A239F00AC9B5F /* Frameworks */ = {
			isa = PBXFrameworksBuildPhase;
			buildActionMask = 2147483647;
			files = (
			);
			runOnlyForDeploymentPostprocessing = 0;
		};
/* End PBXFrameworksBuildPhase section */

/* Begin PBXGroup section */
		66357C73250A239D00AC9B5F = {
			isa = PBXGroup;
			children = (
				66357C7E250A239D00AC9B5F /* HelloCircleCI */,
				66357C91250A239F00AC9B5F /* HelloCircleCIUITests */,
				66357C7D250A239D00AC9B5F /* Products */,
			);
			sourceTree = "<group>";
		};
		66357C7D250A239D00AC9B5F /* Products */ = {
			isa = PBXGroup;
			children = (
				66357C7C250A239D00AC9B5F /* HelloCircleCI.app */,
				66357C8E250A239F00AC9B5F /* HelloCircleCIUITests.xctest */,
			);
			name = Products;
			sourceTree = "<group>";
		};
		66357C7E250A239D00AC9B5F /* HelloCircleCI */ = {
			isa = PBXGroup;
			children = (
				66357C7F250A239D00AC9B5F /* AppDelegate.swift */,
				66357C81250A239D00AC9B5F /* ViewController.swift */,
				66357C83250A239F00AC9B5F /* Assets.xcassets */,
				66357C85250A239F00AC9B5F /* Main.storyboard */,
				66357C88250A239F00AC9B5F /* Info.plist */,
				66357C89250A239F00AC9B5F /* HelloCircleCI.entitlements */,
			);
			path = HelloCircleCI;
			sourceTree = "<group>";
		};
		66357C91250A239F00AC9B5F /* HelloCircleCIUITests */ = {
			isa = PBXGroup;
			children = (
				66357C92250A239F00AC9B5F /* HelloCircleCIUITests.swift */,
				66357C94250A239F00AC9B5F /* Info.plist */,
			);
			path = HelloCircleCIUITests;
			sourceTree = "<group>";
		};
/* End PBXGroup section */

/* Begin PBXNativeTarget section */
		66357C7B250A239D00AC9B5F /* HelloCircleCI */ = {
			isa = PBXNativeTarget;
			buildConfigurationList = 66357C97250A23A000AC9B5F /* Build configuration list for PBXNativeTarget "HelloCircleCI" */;
			buildPhases = (
				66357C78250A239D00AC9B5F /* Sources */,
				66357C79250A239D00AC9B5F /* Frameworks */,
				66357C7A250A239D00AC9B5F /* Resources */,
			);
			buildRules = (
			);
			dependencies = (
			);
			name = HelloCircleCI;
			productName = HelloCircleCI;
			productReference = 66357C7C250A239D00AC9B5F /* HelloCircleCI.app */;
			productType = "com.apple.product-type.application";
		};
		66357C8D250A239F00AC9B5F /* HelloCircleCIUITests */ = {
			isa = PBXNativeTarget;
			buildConfigurationList = 66357C9A250A23A000AC9B5F /* Build configuration list for PBXNativeTarget "HelloCircleCIUITests" */;
			buildPhases = (
				66357C8A250A239F00AC9B5F /* Sources */,
				66357C8B250A239F00AC9B5F /* Frameworks */,
				66357C8C250A239F00AC9B5F /* Resources */,
			);
			buildRules = (
			);
			dependencies = (
				66357C90250A239F00AC9B5F /* PBXTargetDependency */,
			);
			name = HelloCircleCIUITests;
			productName = HelloCircleCIUITests;
			productReference = 66357C8E250A239F00AC9B5F /* HelloCircleCIUITests.xctest */;
			productType = "com.apple.product-type.bundle.ui-testing";
		};
/* End PBXNativeTarget section */

/* Begin PBXProject section */
		66357C74250A239D00AC9B5F /* Project object */ = {
			isa = PBXProject;
			attributes = {
				LastSwiftUpdateCheck = 1170;
				LastUpgradeCheck = 1170;
				ORGANIZATIONNAME = CircleCI;
				TargetAttributes = {
					66357C7B250A239D00AC9B5F = {
						CreatedOnToolsVersion = 11.7;
					};
					66357C8D250A239F00AC9B5F = {
						CreatedOnToolsVersion = 11.7;
						TestTargetID = 66357C7B250A239D00AC9B5F;
					};
				};
			};
			buildConfigurationList = 66357C77250A239D00AC9B5F /* Build configuration list for PBXProject "HelloCircleCI" */;
			compatibilityVersion = "Xcode 9.3";
			developmentRegion = en;
			hasScannedForEncodings = 0;
			knownRegions = (
				en,
				Base,
			);
			mainGroup = 66357C73250A239D00AC9B5F;
			productRefGroup = 66357C7D250A239D00AC9B5F /* Products */;
			projectDirPath = "";
			projectRoot = "";
			targets = (
				66357C7B250A239D00AC9B5F /* HelloCircleCI */,
				66357C8D250A239F00AC9B5F /* HelloCircleCIUITests */,
			);
		};
/* End PBXProject section */

/* Begin PBXResourcesBuildPhase section */
		66357C7A250A239D00AC9B5F /* Resources */ = {
			isa = PBXResourcesBuildPhase;
			buildActionMask = 2147483647;
			files = (
				66357C84250A239F00AC9B5F /* Assets.xcassets in Resources */,
				66357C87250A239F00AC9B5F /* Main.storyboard in Resources */,
			);
			runOnlyForDeploymentPostprocessing = 0;
		};
		66357C8C250A239F00AC9B5F /* Resources */ = {
			isa = PBXResourcesBuildPhase;
			buildActionMask = 2147483647;
			files = (
			);
			runOnlyForDeploymentPostprocessing = 0;
		};
/* End PBXResourcesBuildPhase section */

/* Begin PBXSourcesBuildPhase section */
		66357C78250A239D00AC9B5F /* Sources */ = {
			isa = PBXSourcesBuildPhase;
			buildActionMask = 2147483647;
			files = (
				66357C82250A239D00AC9B5F /* ViewController.swift in Sources */,
				66357C80250A239D00AC9B5F /* AppDelegate.swift in Sources */,
			);
			runOnlyForDeploymentPostprocessing = 0;
		};
		66357C8A250A239F00AC9B5F /* Sources */ = {
			isa = PBXSourcesBuildPhase;
			buildActionMask = 2147483647;
			files = (
				66357C93250A239F00AC9B5F /* HelloCircleCIUITests.swift in Sources */,
			);
			runOnlyForDeploymentPostprocessing = 0;
		};
/* End PBXSourcesBuildPhase section */

/* Begin PBXTargetDependency section */
		66357C90250A239F00AC9B5F /* PBXTargetDependency */ = {
			isa = PBXTargetDependency;
			target = 66357C7B250A239D00AC9B5F /* HelloCircleCI */;
			targetProxy = 66357C8F250A239F00AC9B5F /* PBXContainerItemProxy */;
		};
/* End PBXTargetDependency section */

/* Begin PBXVariantGroup section */
		66357C85250A239F00AC9B5F /* Main.storyboard */ = {
			isa = PBXVariantGroup;
			children = (
				66357C86250A239F00AC9B5F /* Base */,
			);
			name = Main.storyboard;
			sourceTree = "<group>";
		};
/* End PBXVariantGroup section */

/* Begin XCBuildConfiguration section */
		66357C95250A23A000AC9B5F /* Debug */ = {
			isa = XCBuildConfiguration;
			buildSettings = {
				ALWAYS_SEARCH_USER_PATHS = NO;
				CLANG_ANALYZER_NONNULL = YES;
				CLANG_ANALYZER_NUMBER_OBJECT_CONVERSION = YES_AGGRESSIVE;
				CLANG_CXX_LANGUAGE_STANDARD = "gnu++14";
				CLANG_CXX_LIBRARY = "libc++";
				CLANG_ENABLE_MODULES = YES;
				CLANG_ENABLE_OBJC_ARC = YES;
				CLANG_ENABLE_OBJC_WEAK = YES;
				CLANG_WARN_BLOCK_CAPTURE_AUTORELEASING = YES;
				CLANG_WARN_BOOL_CONVERSION = YES;
				CLANG_WARN_COMMA = YES;
				CLANG_WARN_CONSTANT_CONVERSION = YES;
				CLANG_WARN_DEPRECATED_OBJC_IMPLEMENTATIONS = YES;
				CLANG_WARN_DIRECT_OBJC_ISA_USAGE = YES_ERROR;
				CLANG_WARN_DOCUMENTATION_COMMENTS = YES;
				CLANG_WARN_EMPTY_BODY = YES;
				CLANG_WARN_ENUM_CONVERSION = YES;
				CLANG_WARN_INFINITE_RECURSION = YES;
				CLANG_WARN_INT_CONVERSION = YES;
				CLANG_WARN_NON_LITERAL_NULL_CONVERSION = YES;
				CLANG_WARN_OBJC_IMPLICIT_RETAIN_SELF = YES;
				CLANG_WARN_OBJC_LITERAL_CONVERSION = YES;
				CLANG_WARN_OBJC_ROOT_CLASS = YES_ERROR;
				CLANG_WARN_RANGE_LOOP_ANALYSIS = YES;
				CLANG_WARN_STRICT_PROTOTYPES = YES;
				CLANG_WARN_SUSPICIOUS_MOVE = YES;
				CLANG_WARN_UNGUARDED_AVAILABILITY = YES_AGGRESSIVE;
				CLANG_WARN_UNREACHABLE_CODE = YES;
				CLANG_WARN__DUPLICATE_METHOD_MATCH = YES;
				COPY_PHASE_STRIP = NO;
				DEBUG_INFORMATION_FORMAT = dwarf;
				ENABLE_STRICT_OBJC_MSGSEND = YES;
				ENABLE_TESTABILITY = YES;
				GCC_C_LANGUAGE_STANDARD = gnu11;
				GCC_DYNAMIC_NO_PIC = NO;
				GCC_NO_COMMON_BLOCKS = YES;
				GCC_OPTIMIZATION_LEVEL = 0;
				GCC_PREPROCESSOR_DEFINITIONS = (
					"DEBUG=1",
					"$(inherited)",
				);
				GCC_WARN_64_TO_32_BIT_CONVERSION = YES;
				GCC_WARN_ABOUT_RETURN_TYPE = YES_ERROR;
				GCC_WARN_UNDECLARED_SELECTOR = YES;
				GCC_WARN_UNINITIALIZED_AUTOS = YES_AGGRESSIVE;
				GCC_WARN_UNUSED_FUNCTION = YES;
				GCC_WARN_UNUSED_VARIABLE = YES;
				MACOSX_DEPLOYMENT_TARGET = 10.15;
				MTL_ENABLE_DEBUG_INFO = INCLUDE_SOURCE;
				MTL_FAST_MATH = YES;
				ONLY_ACTIVE_ARCH = YES;
				SDKROOT = macosx;
				SWIFT_ACTIVE_COMPILATION_CONDITIONS = DEBUG;
				SWIFT_OPTIMIZATION_LEVEL = "-Onone";
			};
			name = Debug;
		};
		66357C96250A23A000AC9B5F /* Release */ = {
			isa = XCBuildConfiguration;
			buildSettings = {
				ALWAYS_SEARCH_USER_PATHS = NO;
				CLANG_ANALYZER_NONNULL = YES;
				CLANG_ANALYZER_NUMBER_OBJECT_CONVERSION = YES_AGGRESSIVE;
				CLANG_CXX_LANGUAGE_STANDARD = "gnu++14";
				CLANG_CXX_LIBRARY = "libc++";
				CLANG_ENABLE_MODULES = YES;
				CLANG_ENABLE_OBJC_ARC = YES;
				CLANG_ENABLE_OBJC_WEAK = YES;
				CLANG_WARN_BLOCK_CAPTURE_AUTORELEASING = YES;
				CLANG_WARN_BOOL_CONVERSION = YES;
				CLANG_WARN_COMMA = YES;
				CLANG_WARN_CONSTANT_CONVERSION = YES;
				CLANG_WARN_DEPRECATED_OBJC_IMPLEMENTATIONS = YES;
				CLANG_WARN_DIRECT_OBJC_ISA_USAGE = YES_ERROR;
				CLANG_WARN_DOCUMENTATION_COMMENTS = YES;
				CLANG_WARN_EMPTY_BODY = YES;
				CLANG_WARN_ENUM_CONVERSION = YES;
				CLANG_WARN_INFINITE_RECURSION = YES;
				CLANG_WARN_INT_CONVERSION = YES;
				CLANG_WARN_NON_LITERAL_NULL_CONVERSION = YES;
				CLANG_WARN_OBJC_IMPLICIT_RETAIN_SELF = YES;
				CLANG_WARN_OBJC_LITERAL_CONVERSION = YES;
				CLANG_WARN_OBJC_ROOT_CLASS = YES_ERROR;
				CLANG_WARN_RANGE_LOOP_ANALYSIS = YES;
				CLANG_WARN_STRICT_PROTOTYPES = YES;
				CLANG_WARN_SUSPICIOUS_MOVE = YES;
				CLANG_WARN_UNGUARDED_AVAILABILITY = YES_AGGRESSIVE;
				CLANG_WARN_UNREACHABLE_CODE = YES;
				CLANG_WARN__DUPLICATE_METHOD_MATCH = YES;
				COPY_PHASE_STRIP = NO;
				DEBUG_INFORMATION_FORMAT = "dwarf-with-dsym";
				ENABLE_NS_ASSERTIONS = NO;
				ENABLE_STRICT_OBJC_MSGSEND = YES;
				GCC_C_LANGUAGE_STANDARD = gnu11;
				GCC_NO_COMMON_BLOCKS = YES;
				GCC_WARN_64_TO_32_BIT_CONVERSION = YES;
				GCC_WARN_ABOUT_RETURN_TYPE = YES_ERROR;
				GCC_WARN_UNDECLARED_SELECTOR = YES;
				GCC_WARN_UNINITIALIZED_AUTOS = YES_AGGRESSIVE;
				GCC_WARN_UNUSED_FUNCTION = YES;
				GCC_WARN_UNUSED_VARIABLE = YES;
				MACOSX_DEPLOYMENT_TARGET = 10.15;
				MTL_ENABLE_DEBUG_INFO = NO;
				MTL_FAST_MATH = YES;
				SDKROOT = macosx;
				SWIFT_COMPILATION_MODE = wholemodule;
				SWIFT_OPTIMIZATION_LEVEL = "-O";
			};
			name = Release;
		};
		66357C98250A23A000AC9B5F /* Debug */ = {
			isa = XCBuildConfiguration;
			buildSettings = {
				ASSETCATALOG_COMPILER_APPICON_NAME = AppIcon;
				CODE_SIGN_ENTITLEMENTS = HelloCircleCI/HelloCircleCI.entitlements;
				CODE_SIGN_IDENTITY = "-";
				CODE_SIGN_STYLE = Automatic;
				COMBINE_HIDPI_IMAGES = YES;
				DEVELOPMENT_TEAM = 35U82WUEE4;
				ENABLE_HARDENED_RUNTIME = YES;
				INFOPLIST_FILE = HelloCircleCI/Info.plist;
				LD_RUNPATH_SEARCH_PATHS = (
					"$(inherited)",
					"@executable_path/../Frameworks",
				);
				MACOSX_DEPLOYMENT_TARGET = 10.15;
				PRODUCT_BUNDLE_IDENTIFIER = com.circleci.HelloCircleCI;
				PRODUCT_NAME = "$(TARGET_NAME)";
				SWIFT_VERSION = 5.0;
			};
			name = Debug;
		};
		66357C99250A23A000AC9B5F /* Release */ = {
			isa = XCBuildConfiguration;
			buildSettings = {
				ASSETCATALOG_COMPILER_APPICON_NAME = AppIcon;
				CODE_SIGN_ENTITLEMENTS = HelloCircleCI/HelloCircleCI.entitlements;
				CODE_SIGN_IDENTITY = "-";
				CODE_SIGN_STYLE = Automatic;
				COMBINE_HIDPI_IMAGES = YES;
				DEVELOPMENT_TEAM = 35U82WUEE4;
				ENABLE_HARDENED_RUNTIME = YES;
				INFOPLIST_FILE = HelloCircleCI/Info.plist;
				LD_RUNPATH_SEARCH_PATHS = (
					"$(inherited)",
					"@executable_path/../Frameworks",
				);
				MACOSX_DEPLOYMENT_TARGET = 10.15;
				PRODUCT_BUNDLE_IDENTIFIER = com.circleci.HelloCircleCI;
				PRODUCT_NAME = "$(TARGET_NAME)";
				SWIFT_VERSION = 5.0;
			};
			name = Release;
		};
		66357C9B250A23A000AC9B5F /* Debug */ = {
			isa = XCBuildConfiguration;
			buildSettings = {
				ALWAYS_EMBED_SWIFT_STANDARD_LIBRARIES = YES;
				CODE_SIGN_IDENTITY = "-";
				CODE_SIGN_STYLE = Automatic;
				COMBINE_HIDPI_IMAGES = YES;
				DEVELOPMENT_TEAM = 35U82WUEE4;
				INFOPLIST_FILE = HelloCircleCIUITests/Info.plist;
				LD_RUNPATH_SEARCH_PATHS = (
					"$(inherited)",
					"@executable_path/../Frameworks",
					"@loader_path/../Frameworks",
				);
				PRODUCT_BUNDLE_IDENTIFIER = com.circleci.HelloCircleCIUITests;
				PRODUCT_NAME = "$(TARGET_NAME)";
				SWIFT_VERSION = 5.0;
				TEST_TARGET_NAME = HelloCircleCI;
			};
			name = Debug;
		};
		66357C9C250A23A000AC9B5F /* Release */ = {
			isa = XCBuildConfiguration;
			buildSettings = {
				ALWAYS_EMBED_SWIFT_STANDARD_LIBRARIES = YES;
				CODE_SIGN_IDENTITY = "-";
				CODE_SIGN_STYLE = Automatic;
				COMBINE_HIDPI_IMAGES = YES;
				DEVELOPMENT_TEAM = 35U82WUEE4;
				INFOPLIST_FILE = HelloCircleCIUITests/Info.plist;
				LD_RUNPATH_SEARCH_PATHS = (
					"$(inherited)",
					"@executable_path/../Frameworks",
					"@loader_path/../Frameworks",
				);
				PRODUCT_BUNDLE_IDENTIFIER = com.circleci.HelloCircleCIUITests;
				PRODUCT_NAME = "$(TARGET_NAME)";
				SWIFT_VERSION = 5.0;
				TEST_TARGET_NAME = HelloCircleCI;
			};
			name = Release;
		};
/* End XCBuildConfiguration section */

/* Begin XCConfigurationList section */
		66357C77250A239D00AC9B5F /* Build configuration list for PBXProject "HelloCircleCI" */ = {
			isa = XCConfigurationList;
			buildConfigurations = (
				66357C95250A23A000AC9B5F /* Debug */,
				66357C96250A23A000AC9B5F /* Release */,
			);
			defaultConfigurationIsVisible = 0;
			defaultConfigurationName = Release;
		};
		66357C97250A23A000AC9B5F /* Build configuration list for PBXNativeTarget "HelloCircleCI" */ = {
			isa = XCConfigurationList;
			buildConfigurations = (
				66357C98250A23A000AC9B5F /* Debug */,
				66357C99250A23A000AC9B5F /* Release */,
			);
			defaultConfigurationIsVisible = 0;
			defaultConfigurationName = Release;
		};
		66357C9A250A23A000AC9B5F /* Build configuration list for PBXNativeTarget "HelloCircleCIUITests" */ = {
			isa = XCConfigurationList;
			buildConfigurations = (
				66357C9B250A23A000AC9B5F /* Debug */,
				66357C9C250A23A000AC9B5F /* Release */,
			);
			defaultConfigurationIsVisible = 0;
			defaultConfigurationName = Release;
		};
/* End XCConfigurationList section */
	};
	rootObject = 66357C74250A239D00AC9B5F /* Project object */;
}
